
Microsoft Visual Studio Solution File, Format Version 12.00
# Visual Studio Version 16
VisualStudioVersion = 16.0.29709.97
MinimumVisualStudioVersion = 10.0.40219.1
Project("{9A19103F-16F7-4668-BE54-9A1E7A4F7556}") = "CSShaders", "CSShaders\CSShaders.csproj", "{21C438A8-C47C-42C9-9FE1-7A104462A668}"
EndProject
Project("{9A19103F-16F7-4668-BE54-9A1E7A4F7556}") = "CSShadersTests", "CSShadersTests\CSShadersTests.csproj", "{70DC5DA5-4ADD-470A-9654-1C1F8DE07FED}"
EndProject
Project("{9A19103F-16F7-4668-BE54-9A1E7A4F7556}") = "Utilities", "Utilities\Utilities.csproj", "{792DC5E4-6BCF-44FB-91FF-9647FB5E62A8}"
EndProject
Project("{9A19103F-16F7-4668-BE54-9A1E7A4F7556}") = "Shader", "Shader\Shader.csproj", "{2C2BDBF2-B55A-41BF-9BC6-BA057C856BAF}"
EndProject
Project("{9A19103F-16F7-4668-BE54-9A1E7A4F7556}") = "IntrinsicsGenerators", "IntrinsicsGenerators\IntrinsicsGenerators.csproj", "{836FE5EE-9119-47FD-ADF0-F1F4D99F2743}"
EndProject
Project("{FAE04EC0-301F-11D3-BF4B-00C04F79EFBC}") = "Compositing", "Compositing\Compositing.csproj", "{6D312CA0-2602-4A4B-B154-E4C7036454E9}"
EndProject
Global
	GlobalSection(SolutionConfigurationPlatforms) = preSolution
		Debug|Any CPU = Debug|Any CPU
		Release|Any CPU = Release|Any CPU
	EndGlobalSection
	GlobalSection(ProjectConfigurationPlatforms) = postSolution
		{21C438A8-C47C-42C9-9FE1-7A104462A668}.Debug|Any CPU.ActiveCfg = Debug|Any CPU
		{21C438A8-C47C-42C9-9FE1-7A104462A668}.Debug|Any CPU.Build.0 = Debug|Any CPU
		{21C438A8-C47C-42C9-9FE1-7A104462A668}.Release|Any CPU.ActiveCfg = Release|Any CPU
		{21C438A8-C47C-42C9-9FE1-7A104462A668}.Release|Any CPU.Build.0 = Release|Any CPU
		{70DC5DA5-4ADD-470A-9654-1C1F8DE07FED}.Debug|Any CPU.ActiveCfg = Debug|Any CPU
		{70DC5DA5-4ADD-470A-9654-1C1F8DE07FED}.Debug|Any CPU.Build.0 = Debug|Any CPU
		{70DC5DA5-4ADD-470A-9654-1C1F8DE07FED}.Release|Any CPU.ActiveCfg = Release|Any CPU
		{70DC5DA5-4ADD-470A-9654-1C1F8DE07FED}.Release|Any CPU.Build.0 = Release|Any CPU
		{792DC5E4-6BCF-44FB-91FF-9647FB5E62A8}.Debug|Any CPU.ActiveCfg = Debug|Any CPU
		{792DC5E4-6BCF-44FB-91FF-9647FB5E62A8}.Debug|Any CPU.Build.0 = Debug|Any CPU
		{792DC5E4-6BCF-44FB-91FF-9647FB5E62A8}.Release|Any CPU.ActiveCfg = Release|Any CPU
		{792DC5E4-6BCF-44FB-91FF-9647FB5E62A8}.Release|Any CPU.Build.0 = Release|Any CPU
		{2C2BDBF2-B55A-41BF-9BC6-BA057C856BAF}.Debug|Any CPU.ActiveCfg = Debug|Any CPU
		{2C2BDBF2-B55A-41BF-9BC6-BA057C856BAF}.Debug|Any CPU.Build.0 = Debug|Any CPU
		{2C2BDBF2-B55A-41BF-9BC6-BA057C856BAF}.Release|Any CPU.ActiveCfg = Release|Any CPU
		{2C2BDBF2-B55A-41BF-9BC6-BA057C856BAF}.Release|Any CPU.Build.0 = Release|Any CPU
		{836FE5EE-9119-47FD-ADF0-F1F4D99F2743}.Debug|Any CPU.ActiveCfg = Debug|Any CPU
		{836FE5EE-9119-47FD-ADF0-F1F4D99F2743}.Debug|Any CPU.Build.0 = Debug|Any CPU
		{836FE5EE-9119-47FD-ADF0-F1F4D99F2743}.Release|Any CPU.ActiveCfg = Release|Any CPU
		{836FE5EE-9119-47FD-ADF0-F1F4D99F2743}.Release|Any CPU.Build.0 = Release|Any CPU
		{6D312CA0-2602-4A4B-B154-E4C7036454E9}.Debug|Any CPU.ActiveCfg = Debug|Any CPU
		{6D312CA0-2602-4A4B-B154-E4C7036454E9}.Debug|Any CPU.Build.0 = Debug|Any CPU
		{6D312CA0-2602-4A4B-B154-E4C7036454E9}.Release|Any CPU.ActiveCfg = Release|Any CPU
		{6D312CA0-2602-4A4B-B154-E4C7036454E9}.Release|Any CPU.Build.0 = Release|Any CPU
	EndGlobalSection
	GlobalSection(SolutionProperties) = preSolution
		HideSolutionNode = FALSE
	EndGlobalSection
	GlobalSection(ExtensibilityGlobals) = postSolution
		SolutionGuid = {63BE6551-08C4-4821-A018-44AA67C6F2D4}
	EndGlobalSection
EndGlobal
